
Microsoft Visual Studio Solution File, Format Version 12.00
# Visual Studio Version 17
VisualStudioVersion = 17.8.34309.116
MinimumVisualStudioVersion = 10.0.40219.1
Project("{FAE04EC0-301F-11D3-BF4B-00C04F79EFBC}") = "Invert Binary Tree", "Invert Binary Tree.csproj", "{A3DB779B-7D02-434C-AFDA-AA9A481706FE}"
EndProject
Global
	GlobalSection(SolutionConfigurationPlatforms) = preSolution
		Debug|Any CPU = Debug|Any CPU
		Release|Any CPU = Release|Any CPU
	EndGlobalSection
	GlobalSection(ProjectConfigurationPlatforms) = postSolution
		{A3DB779B-7D02-434C-AFDA-AA9A481706FE}.Debug|Any CPU.ActiveCfg = Debug|Any CPU
		{A3DB779B-7D02-434C-AFDA-AA9A481706FE}.Debug|Any CPU.Build.0 = Debug|Any CPU
		{A3DB779B-7D02-434C-AFDA-AA9A481706FE}.Release|Any CPU.ActiveCfg = Release|Any CPU
		{A3DB779B-7D02-434C-AFDA-AA9A481706FE}.Release|Any CPU.Build.0 = Release|Any CPU
	EndGlobalSection
	GlobalSection(SolutionProperties) = preSolution
		HideSolutionNode = FALSE
	EndGlobalSection
	GlobalSection(ExtensibilityGlobals) = postSolution
		SolutionGuid = {52B756BC-A82C-488E-9DDD-08C9FDCE78C0}
	EndGlobalSection
EndGlobal
