
Microsoft Visual Studio Solution File, Format Version 12.00
# Visual Studio Version 17
VisualStudioVersion = 17.4.33403.182
MinimumVisualStudioVersion = 10.0.40219.1
Project("{FAE04EC0-301F-11D3-BF4B-00C04F79EFBC}") = "Longest Substring Without Repeating Characters", "Longest Substring Without Repeating Characters\Longest Substring Without Repeating Characters.csproj", "{C6B7D5F7-1593-44A2-91A5-5112CF6691CF}"
EndProject
Global
	GlobalSection(SolutionConfigurationPlatforms) = preSolution
		Debug|Any CPU = Debug|Any CPU
		Release|Any CPU = Release|Any CPU
	EndGlobalSection
	GlobalSection(ProjectConfigurationPlatforms) = postSolution
		{C6B7D5F7-1593-44A2-91A5-5112CF6691CF}.Debug|Any CPU.ActiveCfg = Debug|Any CPU
		{C6B7D5F7-1593-44A2-91A5-5112CF6691CF}.Debug|Any CPU.Build.0 = Debug|Any CPU
		{C6B7D5F7-1593-44A2-91A5-5112CF6691CF}.Release|Any CPU.ActiveCfg = Release|Any CPU
		{C6B7D5F7-1593-44A2-91A5-5112CF6691CF}.Release|Any CPU.Build.0 = Release|Any CPU
	EndGlobalSection
	GlobalSection(SolutionProperties) = preSolution
		HideSolutionNode = FALSE
	EndGlobalSection
	GlobalSection(ExtensibilityGlobals) = postSolution
		SolutionGuid = {04FBB492-1F16-4DEF-B946-49035D670610}
	EndGlobalSection
EndGlobal
