
Microsoft Visual Studio Solution File, Format Version 12.00
# Visual Studio Version 17
VisualStudioVersion = 17.8.34309.116
MinimumVisualStudioVersion = 10.0.40219.1
Project("{FAE04EC0-301F-11D3-BF4B-00C04F79EFBC}") = "Binary Search", "Binary Search.csproj", "{EE4CFE31-E43B-45C4-B65A-710DF01577BC}"
EndProject
Global
	GlobalSection(SolutionConfigurationPlatforms) = preSolution
		Debug|Any CPU = Debug|Any CPU
		Release|Any CPU = Release|Any CPU
	EndGlobalSection
	GlobalSection(ProjectConfigurationPlatforms) = postSolution
		{EE4CFE31-E43B-45C4-B65A-710DF01577BC}.Debug|Any CPU.ActiveCfg = Debug|Any CPU
		{EE4CFE31-E43B-45C4-B65A-710DF01577BC}.Debug|Any CPU.Build.0 = Debug|Any CPU
		{EE4CFE31-E43B-45C4-B65A-710DF01577BC}.Release|Any CPU.ActiveCfg = Release|Any CPU
		{EE4CFE31-E43B-45C4-B65A-710DF01577BC}.Release|Any CPU.Build.0 = Release|Any CPU
	EndGlobalSection
	GlobalSection(SolutionProperties) = preSolution
		HideSolutionNode = FALSE
	EndGlobalSection
	GlobalSection(ExtensibilityGlobals) = postSolution
		SolutionGuid = {885AEBF5-A252-4556-B7EB-0DD951EC69DD}
	EndGlobalSection
EndGlobal
